
Microsoft Visual Studio Solution File, Format Version 12.00
# Visual Studio Version 16
VisualStudioVersion = 16.0.30002.166
MinimumVisualStudioVersion = 15.0.26124.0
Project("{9A19103F-16F7-4668-BE54-9A1E7A4F7556}") = "Ingress.Asb.Webapi", "src\Ingress.Asb.Webapi\Ingress.Asb.Webapi.csproj", "{3FAD5440-5E12-4DF8-AC54-DFE0D7487F1B}"
EndProject
Project("{9A19103F-16F7-4668-BE54-9A1E7A4F7556}") = "Ingress.Asb.Worker", "src\Ingress.Asb.Worker\Ingress.Asb.Worker.csproj", "{5F8CE34D-CDE6-4E23-B312-B835C9D2DBD3}"
EndProject
Project("{9A19103F-16F7-4668-BE54-9A1E7A4F7556}") = "Ingress.Asb.Test", "test\Ingress.Asb.Test\Ingress.Asb.Test.csproj", "{15350204-D52E-4E90-B36F-F63BC802CB88}"
EndProject
Global
	GlobalSection(SolutionConfigurationPlatforms) = preSolution
		Debug|Any CPU = Debug|Any CPU
		Release|Any CPU = Release|Any CPU
	EndGlobalSection
	GlobalSection(ProjectConfigurationPlatforms) = postSolution
		{3FAD5440-5E12-4DF8-AC54-DFE0D7487F1B}.Debug|Any CPU.ActiveCfg = Debug|Any CPU
		{3FAD5440-5E12-4DF8-AC54-DFE0D7487F1B}.Debug|Any CPU.Build.0 = Debug|Any CPU
		{3FAD5440-5E12-4DF8-AC54-DFE0D7487F1B}.Release|Any CPU.ActiveCfg = Release|Any CPU
		{3FAD5440-5E12-4DF8-AC54-DFE0D7487F1B}.Release|Any CPU.Build.0 = Release|Any CPU
		{5F8CE34D-CDE6-4E23-B312-B835C9D2DBD3}.Debug|Any CPU.ActiveCfg = Debug|Any CPU
		{5F8CE34D-CDE6-4E23-B312-B835C9D2DBD3}.Debug|Any CPU.Build.0 = Debug|Any CPU
		{5F8CE34D-CDE6-4E23-B312-B835C9D2DBD3}.Release|Any CPU.ActiveCfg = Release|Any CPU
		{5F8CE34D-CDE6-4E23-B312-B835C9D2DBD3}.Release|Any CPU.Build.0 = Release|Any CPU
		{15350204-D52E-4E90-B36F-F63BC802CB88}.Debug|Any CPU.ActiveCfg = Debug|Any CPU
		{15350204-D52E-4E90-B36F-F63BC802CB88}.Debug|Any CPU.Build.0 = Debug|Any CPU
		{15350204-D52E-4E90-B36F-F63BC802CB88}.Release|Any CPU.ActiveCfg = Release|Any CPU
		{15350204-D52E-4E90-B36F-F63BC802CB88}.Release|Any CPU.Build.0 = Release|Any CPU
	EndGlobalSection
	GlobalSection(SolutionProperties) = preSolution
		HideSolutionNode = FALSE
	EndGlobalSection
	GlobalSection(ExtensibilityGlobals) = postSolution
		SolutionGuid = {14E18176-1B66-4C07-B8E8-D215D287320C}
	EndGlobalSection
EndGlobal
